
Microsoft Visual Studio Solution File, Format Version 12.00
# Visual Studio 2012
Project("{8BC9CEB8-8B4A-11D0-8D11-00A0C91BC942}") = "RayTracingOpt", "RayTracingOpt\RayTracingOpt.vcxproj", "{D1B29661-A70A-49F9-A983-6846D91E3D69}"
EndProject
Project("{8BC9CEB8-8B4A-11D0-8D11-00A0C91BC942}") = "PerformanceTest", "PerformanceTest\PerformanceTest.vcxproj", "{9CB0F171-4E34-41DB-A802-D7AC1CA87238}"
EndProject
Global
	GlobalSection(SolutionConfigurationPlatforms) = preSolution
		Debug|Win32 = Debug|Win32
		Release|Win32 = Release|Win32
	EndGlobalSection
	GlobalSection(ProjectConfigurationPlatforms) = postSolution
		{D1B29661-A70A-49F9-A983-6846D91E3D69}.Debug|Win32.ActiveCfg = Debug|Win32
		{D1B29661-A70A-49F9-A983-6846D91E3D69}.Debug|Win32.Build.0 = Debug|Win32
		{D1B29661-A70A-49F9-A983-6846D91E3D69}.Release|Win32.ActiveCfg = Release|Win32
		{D1B29661-A70A-49F9-A983-6846D91E3D69}.Release|Win32.Build.0 = Release|Win32
		{9CB0F171-4E34-41DB-A802-D7AC1CA87238}.Debug|Win32.ActiveCfg = Debug|Win32
		{9CB0F171-4E34-41DB-A802-D7AC1CA87238}.Debug|Win32.Build.0 = Debug|Win32
		{9CB0F171-4E34-41DB-A802-D7AC1CA87238}.Release|Win32.ActiveCfg = Release|Win32
		{9CB0F171-4E34-41DB-A802-D7AC1CA87238}.Release|Win32.Build.0 = Release|Win32
	EndGlobalSection
	GlobalSection(SolutionProperties) = preSolution
		HideSolutionNode = FALSE
	EndGlobalSection
EndGlobal
